
Microsoft Visual Studio Solution File, Format Version 12.00
# Visual Studio 15
VisualStudioVersion = 15.0.27130.2036
MinimumVisualStudioVersion = 10.0.40219.1
Project("{FAE04EC0-301F-11D3-BF4B-00C04F79EFBC}") = "CybellesCykler", "CybellesCykler\CybellesCykler.csproj", "{8A178F4F-41CD-4561-B211-6B6672F64FE1}"
EndProject
Project("{FAE04EC0-301F-11D3-BF4B-00C04F79EFBC}") = "Entities", "Entities\Entities.csproj", "{F9334913-AB45-4CBD-8139-9D878DA85EE9}"
EndProject
Project("{FAE04EC0-301F-11D3-BF4B-00C04F79EFBC}") = "DataAccess", "DataAccess\DataAccess.csproj", "{A26D6476-B894-4D0D-89FE-15BB8ED4F3C9}"
EndProject
Project("{FAE04EC0-301F-11D3-BF4B-00C04F79EFBC}") = "Business", "Business\Business.csproj", "{5E43967E-7201-43DD-B59A-707814073427}"
EndProject
Global
	GlobalSection(SolutionConfigurationPlatforms) = preSolution
		Debug|Any CPU = Debug|Any CPU
		Release|Any CPU = Release|Any CPU
	EndGlobalSection
	GlobalSection(ProjectConfigurationPlatforms) = postSolution
		{8A178F4F-41CD-4561-B211-6B6672F64FE1}.Debug|Any CPU.ActiveCfg = Debug|Any CPU
		{8A178F4F-41CD-4561-B211-6B6672F64FE1}.Debug|Any CPU.Build.0 = Debug|Any CPU
		{8A178F4F-41CD-4561-B211-6B6672F64FE1}.Release|Any CPU.ActiveCfg = Release|Any CPU
		{8A178F4F-41CD-4561-B211-6B6672F64FE1}.Release|Any CPU.Build.0 = Release|Any CPU
		{F9334913-AB45-4CBD-8139-9D878DA85EE9}.Debug|Any CPU.ActiveCfg = Debug|Any CPU
		{F9334913-AB45-4CBD-8139-9D878DA85EE9}.Debug|Any CPU.Build.0 = Debug|Any CPU
		{F9334913-AB45-4CBD-8139-9D878DA85EE9}.Release|Any CPU.ActiveCfg = Release|Any CPU
		{F9334913-AB45-4CBD-8139-9D878DA85EE9}.Release|Any CPU.Build.0 = Release|Any CPU
		{A26D6476-B894-4D0D-89FE-15BB8ED4F3C9}.Debug|Any CPU.ActiveCfg = Debug|Any CPU
		{A26D6476-B894-4D0D-89FE-15BB8ED4F3C9}.Debug|Any CPU.Build.0 = Debug|Any CPU
		{A26D6476-B894-4D0D-89FE-15BB8ED4F3C9}.Release|Any CPU.ActiveCfg = Release|Any CPU
		{A26D6476-B894-4D0D-89FE-15BB8ED4F3C9}.Release|Any CPU.Build.0 = Release|Any CPU
		{5E43967E-7201-43DD-B59A-707814073427}.Debug|Any CPU.ActiveCfg = Debug|Any CPU
		{5E43967E-7201-43DD-B59A-707814073427}.Debug|Any CPU.Build.0 = Debug|Any CPU
		{5E43967E-7201-43DD-B59A-707814073427}.Release|Any CPU.ActiveCfg = Release|Any CPU
		{5E43967E-7201-43DD-B59A-707814073427}.Release|Any CPU.Build.0 = Release|Any CPU
	EndGlobalSection
	GlobalSection(SolutionProperties) = preSolution
		HideSolutionNode = FALSE
	EndGlobalSection
	GlobalSection(ExtensibilityGlobals) = postSolution
		SolutionGuid = {926BD274-6837-45A8-BB36-65E8AB97C143}
	EndGlobalSection
EndGlobal
